// !$*UTF8*$!
{
	archiveVersion = 1;
	classes = {
	};
	objectVersion = 55;
	objects = {

/* Begin PBXBuildFile section */
		0933DF362763309800AA9261 /* AppDelegate.swift in Sources */ = {isa = PBXBuildFile; fileRef = 0933DF352763309800AA9261 /* AppDelegate.swift */; };
		0933DF382763309800AA9261 /* SceneDelegate.swift in Sources */ = {isa = PBXBuildFile; fileRef = 0933DF372763309800AA9261 /* SceneDelegate.swift */; };
		0933DF3A2763309800AA9261 /* ViewController.swift in Sources */ = {isa = PBXBuildFile; fileRef = 0933DF392763309800AA9261 /* ViewController.swift */; };
		0933DF3D2763309800AA9261 /* Main.storyboard in Resources */ = {isa = PBXBuildFile; fileRef = 0933DF3B2763309800AA9261 /* Main.storyboard */; };
		0933DF3F2763309A00AA9261 /* Assets.xcassets in Resources */ = {isa = PBXBuildFile; fileRef = 0933DF3E2763309A00AA9261 /* Assets.xcassets */; };
		0933DF422763309A00AA9261 /* LaunchScreen.storyboard in Resources */ = {isa = PBXBuildFile; fileRef = 0933DF402763309A00AA9261 /* LaunchScreen.storyboard */; };
		0933DF4D2763309A00AA9261 /* NetWorkTests.swift in Sources */ = {isa = PBXBuildFile; fileRef = 0933DF4C2763309A00AA9261 /* NetWorkTests.swift */; };
		0933DF572763309A00AA9261 /* NetWorkUITests.swift in Sources */ = {isa = PBXBuildFile; fileRef = 0933DF562763309A00AA9261 /* NetWorkUITests.swift */; };
		0933DF592763309A00AA9261 /* NetWorkUITestsLaunchTests.swift in Sources */ = {isa = PBXBuildFile; fileRef = 0933DF582763309A00AA9261 /* NetWorkUITestsLaunchTests.swift */; };
		0933DF662763314C00AA9261 /* Swiftnet.swift in Sources */ = {isa = PBXBuildFile; fileRef = 0933DF652763314C00AA9261 /* Swiftnet.swift */; };
		0933DF6927633B9700AA9261 /* RxBlocking in Frameworks */ = {isa = PBXBuildFile; productRef = 0933DF6827633B9700AA9261 /* RxBlocking */; settings = {ATTRIBUTES = (Required, ); }; };
		0933DF6B27633B9700AA9261 /* RxCocoa in Frameworks */ = {isa = PBXBuildFile; productRef = 0933DF6A27633B9700AA9261 /* RxCocoa */; };
		0933DF6D27633B9700AA9261 /* RxRelay in Frameworks */ = {isa = PBXBuildFile; productRef = 0933DF6C27633B9700AA9261 /* RxRelay */; };
		0933DF6F27633B9700AA9261 /* RxSwift in Frameworks */ = {isa = PBXBuildFile; productRef = 0933DF6E27633B9700AA9261 /* RxSwift */; };
		0933DF762763424C00AA9261 /* PicckerStoryboard.storyboard in Resources */ = {isa = PBXBuildFile; fileRef = 0933DF752763424C00AA9261 /* PicckerStoryboard.storyboard */; };
		0933DF78276342F200AA9261 /* Picker1.swift in Sources */ = {isa = PBXBuildFile; fileRef = 0933DF77276342F200AA9261 /* Picker1.swift */; };
		09B6C22627634B190049074C /* Picker2.swift in Sources */ = {isa = PBXBuildFile; fileRef = 09B6C22527634B190049074C /* Picker2.swift */; };
/* End PBXBuildFile section */

/* Begin PBXContainerItemProxy section */
		0933DF492763309A00AA9261 /* PBXContainerItemProxy */ = {
			isa = PBXContainerItemProxy;
			containerPortal = 0933DF2A2763309800AA9261 /* Project object */;
			proxyType = 1;
			remoteGlobalIDString = 0933DF312763309800AA9261;
			remoteInfo = NetWork;
		};
		0933DF532763309A00AA9261 /* PBXContainerItemProxy */ = {
			isa = PBXContainerItemProxy;
			containerPortal = 0933DF2A2763309800AA9261 /* Project object */;
			proxyType = 1;
			remoteGlobalIDString = 0933DF312763309800AA9261;
			remoteInfo = NetWork;
		};
/* End PBXContainerItemProxy section */

/* Begin PBXFileReference section */
		0933DF322763309800AA9261 /* NetWork.app */ = {isa = PBXFileReference; explicitFileType = wrapper.application; includeInIndex = 0; path = NetWork.app; sourceTree = BUILT_PRODUCTS_DIR; };
		0933DF352763309800AA9261 /* AppDelegate.swift */ = {isa = PBXFileReference; lastKnownFileType = sourcecode.swift; path = AppDelegate.swift; sourceTree = "<group>"; };
		0933DF372763309800AA9261 /* SceneDelegate.swift */ = {isa = PBXFileReference; lastKnownFileType = sourcecode.swift; path = SceneDelegate.swift; sourceTree = "<group>"; };
		0933DF392763309800AA9261 /* ViewController.swift */ = {isa = PBXFileReference; lastKnownFileType = sourcecode.swift; path = ViewController.swift; sourceTree = "<group>"; };
		0933DF3C2763309800AA9261 /* Base */ = {isa = PBXFileReference; lastKnownFileType = file.storyboard; name = Base; path = Base.lproj/Main.storyboard; sourceTree = "<group>"; };
		0933DF3E2763309A00AA9261 /* Assets.xcassets */ = {isa = PBXFileReference; lastKnownFileType = folder.assetcatalog; path = Assets.xcassets; sourceTree = "<group>"; };
		0933DF412763309A00AA9261 /* Base */ = {isa = PBXFileReference; lastKnownFileType = file.storyboard; name = Base; path = Base.lproj/LaunchScreen.storyboard; sourceTree = "<group>"; };
		0933DF432763309A00AA9261 /* Info.plist */ = {isa = PBXFileReference; lastKnownFileType = text.plist.xml; path = Info.plist; sourceTree = "<group>"; };
		0933DF482763309A00AA9261 /* NetWorkTests.xctest */ = {isa = PBXFileReference; explicitFileType = wrapper.cfbundle; includeInIndex = 0; path = NetWorkTests.xctest; sourceTree = BUILT_PRODUCTS_DIR; };
		0933DF4C2763309A00AA9261 /* NetWorkTests.swift */ = {isa = PBXFileReference; lastKnownFileType = sourcecode.swift; path = NetWorkTests.swift; sourceTree = "<group>"; };
		0933DF522763309A00AA9261 /* NetWorkUITests.xctest */ = {isa = PBXFileReference; explicitFileType = wrapper.cfbundle; includeInIndex = 0; path = NetWorkUITests.xctest; sourceTree = BUILT_PRODUCTS_DIR; };
		0933DF562763309A00AA9261 /* NetWorkUITests.swift */ = {isa = PBXFileReference; lastKnownFileType = sourcecode.swift; path = NetWorkUITests.swift; sourceTree = "<group>"; };
		0933DF582763309A00AA9261 /* NetWorkUITestsLaunchTests.swift */ = {isa = PBXFileReference; lastKnownFileType = sourcecode.swift; path = NetWorkUITestsLaunchTests.swift; sourceTree = "<group>"; };
		0933DF652763314C00AA9261 /* Swiftnet.swift */ = {isa = PBXFileReference; lastKnownFileType = sourcecode.swift; path = Swiftnet.swift; sourceTree = "<group>"; };
		0933DF752763424C00AA9261 /* PicckerStoryboard.storyboard */ = {isa = PBXFileReference; lastKnownFileType = file.storyboard; path = PicckerStoryboard.storyboard; sourceTree = "<group>"; };
		0933DF77276342F200AA9261 /* Picker1.swift */ = {isa = PBXFileReference; lastKnownFileType = sourcecode.swift; path = Picker1.swift; sourceTree = "<group>"; };
		09B6C22527634B190049074C /* Picker2.swift */ = {isa = PBXFileReference; lastKnownFileType = sourcecode.swift; path = Picker2.swift; sourceTree = "<group>"; };
/* End PBXFileReference section */

/* Begin PBXFrameworksBuildPhase section */
		0933DF2F2763309800AA9261 /* Frameworks */ = {
			isa = PBXFrameworksBuildPhase;
			buildActionMask = 2147483647;
			files = (
				0933DF6D27633B9700AA9261 /* RxRelay in Frameworks */,
				0933DF6B27633B9700AA9261 /* RxCocoa in Frameworks */,
				0933DF6F27633B9700AA9261 /* RxSwift in Frameworks */,
				0933DF6927633B9700AA9261 /* RxBlocking in Frameworks */,
			);
			runOnlyForDeploymentPostprocessing = 0;
		};
		0933DF452763309A00AA9261 /* Frameworks */ = {
			isa = PBXFrameworksBuildPhase;
			buildActionMask = 2147483647;
			files = (
			);
			runOnlyForDeploymentPostprocessing = 0;
		};
		0933DF4F2763309A00AA9261 /* Frameworks */ = {
			isa = PBXFrameworksBuildPhase;
			buildActionMask = 2147483647;
			files = (
			);
			runOnlyForDeploymentPostprocessing = 0;
		};
/* End PBXFrameworksBuildPhase section */

/* Begin PBXGroup section */
		0933DF292763309800AA9261 = {
			isa = PBXGroup;
			children = (
				0933DF342763309800AA9261 /* NetWork */,
				0933DF4B2763309A00AA9261 /* NetWorkTests */,
				0933DF552763309A00AA9261 /* NetWorkUITests */,
				0933DF332763309800AA9261 /* Products */,
			);
			sourceTree = "<group>";
		};
		0933DF332763309800AA9261 /* Products */ = {
			isa = PBXGroup;
			children = (
				0933DF322763309800AA9261 /* NetWork.app */,
				0933DF482763309A00AA9261 /* NetWorkTests.xctest */,
				0933DF522763309A00AA9261 /* NetWorkUITests.xctest */,
			);
			name = Products;
			sourceTree = "<group>";
		};
		0933DF342763309800AA9261 /* NetWork */ = {
			isa = PBXGroup;
			children = (
				0933DF352763309800AA9261 /* AppDelegate.swift */,
				0933DF372763309800AA9261 /* SceneDelegate.swift */,
				0933DF392763309800AA9261 /* ViewController.swift */,
				0933DF652763314C00AA9261 /* Swiftnet.swift */,
				0933DF742763421100AA9261 /* RXStudy */,
				0933DF3B2763309800AA9261 /* Main.storyboard */,
				0933DF3E2763309A00AA9261 /* Assets.xcassets */,
				0933DF402763309A00AA9261 /* LaunchScreen.storyboard */,
				0933DF432763309A00AA9261 /* Info.plist */,
			);
			path = NetWork;
			sourceTree = "<group>";
		};
		0933DF4B2763309A00AA9261 /* NetWorkTests */ = {
			isa = PBXGroup;
			children = (
				0933DF4C2763309A00AA9261 /* NetWorkTests.swift */,
			);
			path = NetWorkTests;
			sourceTree = "<group>";
		};
		0933DF552763309A00AA9261 /* NetWorkUITests */ = {
			isa = PBXGroup;
			children = (
				0933DF562763309A00AA9261 /* NetWorkUITests.swift */,
				0933DF582763309A00AA9261 /* NetWorkUITestsLaunchTests.swift */,
			);
			path = NetWorkUITests;
			sourceTree = "<group>";
		};
		0933DF742763421100AA9261 /* RXStudy */ = {
			isa = PBXGroup;
			children = (
				0933DF752763424C00AA9261 /* PicckerStoryboard.storyboard */,
				0933DF77276342F200AA9261 /* Picker1.swift */,
				09B6C22527634B190049074C /* Picker2.swift */,
			);
			path = RXStudy;
			sourceTree = "<group>";
		};
/* End PBXGroup section */

/* Begin PBXNativeTarget section */
		0933DF312763309800AA9261 /* NetWork */ = {
			isa = PBXNativeTarget;
			buildConfigurationList = 0933DF5C2763309A00AA9261 /* Build configuration list for PBXNativeTarget "NetWork" */;
			buildPhases = (
				0933DF2E2763309800AA9261 /* Sources */,
				0933DF2F2763309800AA9261 /* Frameworks */,
				0933DF302763309800AA9261 /* Resources */,
			);
			buildRules = (
			);
			dependencies = (
			);
			name = NetWork;
			packageProductDependencies = (
				0933DF6827633B9700AA9261 /* RxBlocking */,
				0933DF6A27633B9700AA9261 /* RxCocoa */,
				0933DF6C27633B9700AA9261 /* RxRelay */,
				0933DF6E27633B9700AA9261 /* RxSwift */,
			);
			productName = NetWork;
			productReference = 0933DF322763309800AA9261 /* NetWork.app */;
			productType = "com.apple.product-type.application";
		};
		0933DF472763309A00AA9261 /* NetWorkTests */ = {
			isa = PBXNativeTarget;
			buildConfigurationList = 0933DF5F2763309A00AA9261 /* Build configuration list for PBXNativeTarget "NetWorkTests" */;
			buildPhases = (
				0933DF442763309A00AA9261 /* Sources */,
				0933DF452763309A00AA9261 /* Frameworks */,
				0933DF462763309A00AA9261 /* Resources */,
			);
			buildRules = (
			);
			dependencies = (
				0933DF4A2763309A00AA9261 /* PBXTargetDependency */,
			);
			name = NetWorkTests;
			productName = NetWorkTests;
			productReference = 0933DF482763309A00AA9261 /* NetWorkTests.xctest */;
			productType = "com.apple.product-type.bundle.unit-test";
		};
		0933DF512763309A00AA9261 /* NetWorkUITests */ = {
			isa = PBXNativeTarget;
			buildConfigurationList = 0933DF622763309A00AA9261 /* Build configuration list for PBXNativeTarget "NetWorkUITests" */;
			buildPhases = (
				0933DF4E2763309A00AA9261 /* Sources */,
				0933DF4F2763309A00AA9261 /* Frameworks */,
				0933DF502763309A00AA9261 /* Resources */,
			);
			buildRules = (
			);
			dependencies = (
				0933DF542763309A00AA9261 /* PBXTargetDependency */,
			);
			name = NetWorkUITests;
			productName = NetWorkUITests;
			productReference = 0933DF522763309A00AA9261 /* NetWorkUITests.xctest */;
			productType = "com.apple.product-type.bundle.ui-testing";
		};
/* End PBXNativeTarget section */

/* Begin PBXProject section */
		0933DF2A2763309800AA9261 /* Project object */ = {
			isa = PBXProject;
			attributes = {
				BuildIndependentTargetsInParallel = 1;
				LastSwiftUpdateCheck = 1310;
				LastUpgradeCheck = 1310;
				TargetAttributes = {
					0933DF312763309800AA9261 = {
						CreatedOnToolsVersion = 13.1;
					};
					0933DF472763309A00AA9261 = {
						CreatedOnToolsVersion = 13.1;
						TestTargetID = 0933DF312763309800AA9261;
					};
					0933DF512763309A00AA9261 = {
						CreatedOnToolsVersion = 13.1;
						TestTargetID = 0933DF312763309800AA9261;
					};
				};
			};
			buildConfigurationList = 0933DF2D2763309800AA9261 /* Build configuration list for PBXProject "NetWork" */;
			compatibilityVersion = "Xcode 13.0";
			developmentRegion = en;
			hasScannedForEncodings = 0;
			knownRegions = (
				en,
				Base,
			);
			mainGroup = 0933DF292763309800AA9261;
			packageReferences = (
				0933DF6727633B9700AA9261 /* XCRemoteSwiftPackageReference "RxSwift" */,
			);
			productRefGroup = 0933DF332763309800AA9261 /* Products */;
			projectDirPath = "";
			projectRoot = "";
			targets = (
				0933DF312763309800AA9261 /* NetWork */,
				0933DF472763309A00AA9261 /* NetWorkTests */,
				0933DF512763309A00AA9261 /* NetWorkUITests */,
			);
		};
/* End PBXProject section */

/* Begin PBXResourcesBuildPhase section */
		0933DF302763309800AA9261 /* Resources */ = {
			isa = PBXResourcesBuildPhase;
			buildActionMask = 2147483647;
			files = (
				0933DF422763309A00AA9261 /* LaunchScreen.storyboard in Resources */,
				0933DF762763424C00AA9261 /* PicckerStoryboard.storyboard in Resources */,
				0933DF3F2763309A00AA9261 /* Assets.xcassets in Resources */,
				0933DF3D2763309800AA9261 /* Main.storyboard in Resources */,
			);
			runOnlyForDeploymentPostprocessing = 0;
		};
		0933DF462763309A00AA9261 /* Resources */ = {
			isa = PBXResourcesBuildPhase;
			buildActionMask = 2147483647;
			files = (
			);
			runOnlyForDeploymentPostprocessing = 0;
		};
		0933DF502763309A00AA9261 /* Resources */ = {
			isa = PBXResourcesBuildPhase;
			buildActionMask = 2147483647;
			files = (
			);
			runOnlyForDeploymentPostprocessing = 0;
		};
/* End PBXResourcesBuildPhase section */

/* Begin PBXSourcesBuildPhase section */
		0933DF2E2763309800AA9261 /* Sources */ = {
			isa = PBXSourcesBuildPhase;
			buildActionMask = 2147483647;
			files = (
				09B6C22627634B190049074C /* Picker2.swift in Sources */,
				0933DF78276342F200AA9261 /* Picker1.swift in Sources */,
				0933DF3A2763309800AA9261 /* ViewController.swift in Sources */,
				0933DF662763314C00AA9261 /* Swiftnet.swift in Sources */,
				0933DF362763309800AA9261 /* AppDelegate.swift in Sources */,
				0933DF382763309800AA9261 /* SceneDelegate.swift in Sources */,
			);
			runOnlyForDeploymentPostprocessing = 0;
		};
		0933DF442763309A00AA9261 /* Sources */ = {
			isa = PBXSourcesBuildPhase;
			buildActionMask = 2147483647;
			files = (
				0933DF4D2763309A00AA9261 /* NetWorkTests.swift in Sources */,
			);
			runOnlyForDeploymentPostprocessing = 0;
		};
		0933DF4E2763309A00AA9261 /* Sources */ = {
			isa = PBXSourcesBuildPhase;
			buildActionMask = 2147483647;
			files = (
				0933DF572763309A00AA9261 /* NetWorkUITests.swift in Sources */,
				0933DF592763309A00AA9261 /* NetWorkUITestsLaunchTests.swift in Sources */,
			);
			runOnlyForDeploymentPostprocessing = 0;
		};
/* End PBXSourcesBuildPhase section */

/* Begin PBXTargetDependency section */
		0933DF4A2763309A00AA9261 /* PBXTargetDependency */ = {
			isa = PBXTargetDependency;
			target = 0933DF312763309800AA9261 /* NetWork */;
			targetProxy = 0933DF492763309A00AA9261 /* PBXContainerItemProxy */;
		};
		0933DF542763309A00AA9261 /* PBXTargetDependency */ = {
			isa = PBXTargetDependency;
			target = 0933DF312763309800AA9261 /* NetWork */;
			targetProxy = 0933DF532763309A00AA9261 /* PBXContainerItemProxy */;
		};
/* End PBXTargetDependency section */

/* Begin PBXVariantGroup section */
		0933DF3B2763309800AA9261 /* Main.storyboard */ = {
			isa = PBXVariantGroup;
			children = (
				0933DF3C2763309800AA9261 /* Base */,
			);
			name = Main.storyboard;
			sourceTree = "<group>";
		};
		0933DF402763309A00AA9261 /* LaunchScreen.storyboard */ = {
			isa = PBXVariantGroup;
			children = (
				0933DF412763309A00AA9261 /* Base */,
			);
			name = LaunchScreen.storyboard;
			sourceTree = "<group>";
		};
/* End PBXVariantGroup section */

/* Begin XCBuildConfiguration section */
		0933DF5A2763309A00AA9261 /* Debug */ = {
			isa = XCBuildConfiguration;
			buildSettings = {
				ALWAYS_SEARCH_USER_PATHS = NO;
				CLANG_ANALYZER_NONNULL = YES;
				CLANG_ANALYZER_NUMBER_OBJECT_CONVERSION = YES_AGGRESSIVE;
				CLANG_CXX_LANGUAGE_STANDARD = "gnu++17";
				CLANG_CXX_LIBRARY = "libc++";
				CLANG_ENABLE_MODULES = YES;
				CLANG_ENABLE_OBJC_ARC = YES;
				CLANG_ENABLE_OBJC_WEAK = YES;
				CLANG_WARN_BLOCK_CAPTURE_AUTORELEASING = YES;
				CLANG_WARN_BOOL_CONVERSION = YES;
				CLANG_WARN_COMMA = YES;
				CLANG_WARN_CONSTANT_CONVERSION = YES;
				CLANG_WARN_DEPRECATED_OBJC_IMPLEMENTATIONS = YES;
				CLANG_WARN_DIRECT_OBJC_ISA_USAGE = YES_ERROR;
				CLANG_WARN_DOCUMENTATION_COMMENTS = YES;
				CLANG_WARN_EMPTY_BODY = YES;
				CLANG_WARN_ENUM_CONVERSION = YES;
				CLANG_WARN_INFINITE_RECURSION = YES;
				CLANG_WARN_INT_CONVERSION = YES;
				CLANG_WARN_NON_LITERAL_NULL_CONVERSION = YES;
				CLANG_WARN_OBJC_IMPLICIT_RETAIN_SELF = YES;
				CLANG_WARN_OBJC_LITERAL_CONVERSION = YES;
				CLANG_WARN_OBJC_ROOT_CLASS = YES_ERROR;
				CLANG_WARN_QUOTED_INCLUDE_IN_FRAMEWORK_HEADER = YES;
				CLANG_WARN_RANGE_LOOP_ANALYSIS = YES;
				CLANG_WARN_STRICT_PROTOTYPES = YES;
				CLANG_WARN_SUSPICIOUS_MOVE = YES;
				CLANG_WARN_UNGUARDED_AVAILABILITY = YES_AGGRESSIVE;
				CLANG_WARN_UNREACHABLE_CODE = YES;
				CLANG_WARN__DUPLICATE_METHOD_MATCH = YES;
				COPY_PHASE_STRIP = NO;
				DEBUG_INFORMATION_FORMAT = dwarf;
				ENABLE_STRICT_OBJC_MSGSEND = YES;
				ENABLE_TESTABILITY = YES;
				GCC_C_LANGUAGE_STANDARD = gnu11;
				GCC_DYNAMIC_NO_PIC = NO;
				GCC_NO_COMMON_BLOCKS = YES;
				GCC_OPTIMIZATION_LEVEL = 0;
				GCC_PREPROCESSOR_DEFINITIONS = (
					"DEBUG=1",
					"$(inherited)",
				);
				GCC_WARN_64_TO_32_BIT_CONVERSION = YES;
				GCC_WARN_ABOUT_RETURN_TYPE = YES_ERROR;
				GCC_WARN_UNDECLARED_SELECTOR = YES;
				GCC_WARN_UNINITIALIZED_AUTOS = YES_AGGRESSIVE;
				GCC_WARN_UNUSED_FUNCTION = YES;
				GCC_WARN_UNUSED_VARIABLE = YES;
				IPHONEOS_DEPLOYMENT_TARGET = 15.0;
				MTL_ENABLE_DEBUG_INFO = INCLUDE_SOURCE;
				MTL_FAST_MATH = YES;
				ONLY_ACTIVE_ARCH = YES;
				SDKROOT = iphoneos;
				SWIFT_ACTIVE_COMPILATION_CONDITIONS = DEBUG;
				SWIFT_OPTIMIZATION_LEVEL = "-Onone";
			};
			name = Debug;
		};
		0933DF5B2763309A00AA9261 /* Release */ = {
			isa = XCBuildConfiguration;
			buildSettings = {
				ALWAYS_SEARCH_USER_PATHS = NO;
				CLANG_ANALYZER_NONNULL = YES;
				CLANG_ANALYZER_NUMBER_OBJECT_CONVERSION = YES_AGGRESSIVE;
				CLANG_CXX_LANGUAGE_STANDARD = "gnu++17";
				CLANG_CXX_LIBRARY = "libc++";
				CLANG_ENABLE_MODULES = YES;
				CLANG_ENABLE_OBJC_ARC = YES;
				CLANG_ENABLE_OBJC_WEAK = YES;
				CLANG_WARN_BLOCK_CAPTURE_AUTORELEASING = YES;
				CLANG_WARN_BOOL_CONVERSION = YES;
				CLANG_WARN_COMMA = YES;
				CLANG_WARN_CONSTANT_CONVERSION = YES;
				CLANG_WARN_DEPRECATED_OBJC_IMPLEMENTATIONS = YES;
				CLANG_WARN_DIRECT_OBJC_ISA_USAGE = YES_ERROR;
				CLANG_WARN_DOCUMENTATION_COMMENTS = YES;
				CLANG_WARN_EMPTY_BODY = YES;
				CLANG_WARN_ENUM_CONVERSION = YES;
				CLANG_WARN_INFINITE_RECURSION = YES;
				CLANG_WARN_INT_CONVERSION = YES;
				CLANG_WARN_NON_LITERAL_NULL_CONVERSION = YES;
				CLANG_WARN_OBJC_IMPLICIT_RETAIN_SELF = YES;
				CLANG_WARN_OBJC_LITERAL_CONVERSION = YES;
				CLANG_WARN_OBJC_ROOT_CLASS = YES_ERROR;
				CLANG_WARN_QUOTED_INCLUDE_IN_FRAMEWORK_HEADER = YES;
				CLANG_WARN_RANGE_LOOP_ANALYSIS = YES;
				CLANG_WARN_STRICT_PROTOTYPES = YES;
				CLANG_WARN_SUSPICIOUS_MOVE = YES;
				CLANG_WARN_UNGUARDED_AVAILABILITY = YES_AGGRESSIVE;
				CLANG_WARN_UNREACHABLE_CODE = YES;
				CLANG_WARN__DUPLICATE_METHOD_MATCH = YES;
				COPY_PHASE_STRIP = NO;
				DEBUG_INFORMATION_FORMAT = "dwarf-with-dsym";
				ENABLE_NS_ASSERTIONS = NO;
				ENABLE_STRICT_OBJC_MSGSEND = YES;
				GCC_C_LANGUAGE_STANDARD = gnu11;
				GCC_NO_COMMON_BLOCKS = YES;
				GCC_WARN_64_TO_32_BIT_CONVERSION = YES;
				GCC_WARN_ABOUT_RETURN_TYPE = YES_ERROR;
				GCC_WARN_UNDECLARED_SELECTOR = YES;
				GCC_WARN_UNINITIALIZED_AUTOS = YES_AGGRESSIVE;
				GCC_WARN_UNUSED_FUNCTION = YES;
				GCC_WARN_UNUSED_VARIABLE = YES;
				IPHONEOS_DEPLOYMENT_TARGET = 15.0;
				MTL_ENABLE_DEBUG_INFO = NO;
				MTL_FAST_MATH = YES;
				SDKROOT = iphoneos;
				SWIFT_COMPILATION_MODE = wholemodule;
				SWIFT_OPTIMIZATION_LEVEL = "-O";
				VALIDATE_PRODUCT = YES;
			};
			name = Release;
		};
		0933DF5D2763309A00AA9261 /* Debug */ = {
			isa = XCBuildConfiguration;
			buildSettings = {
				ASSETCATALOG_COMPILER_APPICON_NAME = AppIcon;
				ASSETCATALOG_COMPILER_GLOBAL_ACCENT_COLOR_NAME = AccentColor;
				CODE_SIGN_STYLE = Automatic;
				CURRENT_PROJECT_VERSION = 1;
				DEVELOPMENT_TEAM = X8H2FVY856;
				ENABLE_TESTING_SEARCH_PATHS = NO;
				GENERATE_INFOPLIST_FILE = YES;
				INFOPLIST_FILE = NetWork/Info.plist;
				INFOPLIST_KEY_UIApplicationSupportsIndirectInputEvents = YES;
				INFOPLIST_KEY_UILaunchStoryboardName = LaunchScreen;
				INFOPLIST_KEY_UIMainStoryboardFile = Main;
				INFOPLIST_KEY_UISupportedInterfaceOrientations_iPad = "UIInterfaceOrientationPortrait UIInterfaceOrientationPortraitUpsideDown UIInterfaceOrientationLandscapeLeft UIInterfaceOrientationLandscapeRight";
				INFOPLIST_KEY_UISupportedInterfaceOrientations_iPhone = "UIInterfaceOrientationPortrait UIInterfaceOrientationLandscapeLeft UIInterfaceOrientationLandscapeRight";
				LD_RUNPATH_SEARCH_PATHS = (
					"$(inherited)",
					"@executable_path/Frameworks",
				);
				MARKETING_VERSION = 1.0;
				PRODUCT_BUNDLE_IDENTIFIER = com.pp.cpp.NetWork;
				PRODUCT_NAME = "$(TARGET_NAME)";
				SWIFT_EMIT_LOC_STRINGS = YES;
				SWIFT_VERSION = 5.0;
				TARGETED_DEVICE_FAMILY = "1,2";
			};
			name = Debug;
		};
		0933DF5E2763309A00AA9261 /* Release */ = {
			isa = XCBuildConfiguration;
			buildSettings = {
				ASSETCATALOG_COMPILER_APPICON_NAME = AppIcon;
				ASSETCATALOG_COMPILER_GLOBAL_ACCENT_COLOR_NAME = AccentColor;
				CODE_SIGN_STYLE = Automatic;
				CURRENT_PROJECT_VERSION = 1;
				DEVELOPMENT_TEAM = X8H2FVY856;
				ENABLE_TESTING_SEARCH_PATHS = NO;
				GENERATE_INFOPLIST_FILE = YES;
				INFOPLIST_FILE = NetWork/Info.plist;
				INFOPLIST_KEY_UIApplicationSupportsIndirectInputEvents = YES;
				INFOPLIST_KEY_UILaunchStoryboardName = LaunchScreen;
				INFOPLIST_KEY_UIMainStoryboardFile = Main;
				INFOPLIST_KEY_UISupportedInterfaceOrientations_iPad = "UIInterfaceOrientationPortrait UIInterfaceOrientationPortraitUpsideDown UIInterfaceOrientationLandscapeLeft UIInterfaceOrientationLandscapeRight";
				INFOPLIST_KEY_UISupportedInterfaceOrientations_iPhone = "UIInterfaceOrientationPortrait UIInterfaceOrientationLandscapeLeft UIInterfaceOrientationLandscapeRight";
				LD_RUNPATH_SEARCH_PATHS = (
					"$(inherited)",
					"@executable_path/Frameworks",
				);
				MARKETING_VERSION = 1.0;
				PRODUCT_BUNDLE_IDENTIFIER = com.pp.cpp.NetWork;
				PRODUCT_NAME = "$(TARGET_NAME)";
				SWIFT_EMIT_LOC_STRINGS = YES;
				SWIFT_VERSION = 5.0;
				TARGETED_DEVICE_FAMILY = "1,2";
			};
			name = Release;
		};
		0933DF602763309A00AA9261 /* Debug */ = {
			isa = XCBuildConfiguration;
			buildSettings = {
				ALWAYS_EMBED_SWIFT_STANDARD_LIBRARIES = YES;
				BUNDLE_LOADER = "$(TEST_HOST)";
				CODE_SIGN_STYLE = Automatic;
				CURRENT_PROJECT_VERSION = 1;
				GENERATE_INFOPLIST_FILE = YES;
				IPHONEOS_DEPLOYMENT_TARGET = 15.0;
				LD_RUNPATH_SEARCH_PATHS = (
					"$(inherited)",
					"@executable_path/Frameworks",
					"@loader_path/Frameworks",
				);
				MARKETING_VERSION = 1.0;
				PRODUCT_BUNDLE_IDENTIFIER = com.pp.cpp.NetWorkTests;
				PRODUCT_NAME = "$(TARGET_NAME)";
				SWIFT_EMIT_LOC_STRINGS = NO;
				SWIFT_VERSION = 5.0;
				TARGETED_DEVICE_FAMILY = "1,2";
				TEST_HOST = "$(BUILT_PRODUCTS_DIR)/NetWork.app/NetWork";
			};
			name = Debug;
		};
		0933DF612763309A00AA9261 /* Release */ = {
			isa = XCBuildConfiguration;
			buildSettings = {
				ALWAYS_EMBED_SWIFT_STANDARD_LIBRARIES = YES;
				BUNDLE_LOADER = "$(TEST_HOST)";
				CODE_SIGN_STYLE = Automatic;
				CURRENT_PROJECT_VERSION = 1;
				GENERATE_INFOPLIST_FILE = YES;
				IPHONEOS_DEPLOYMENT_TARGET = 15.0;
				LD_RUNPATH_SEARCH_PATHS = (
					"$(inherited)",
					"@executable_path/Frameworks",
					"@loader_path/Frameworks",
				);
				MARKETING_VERSION = 1.0;
				PRODUCT_BUNDLE_IDENTIFIER = com.pp.cpp.NetWorkTests;
				PRODUCT_NAME = "$(TARGET_NAME)";
				SWIFT_EMIT_LOC_STRINGS = NO;
				SWIFT_VERSION = 5.0;
				TARGETED_DEVICE_FAMILY = "1,2";
				TEST_HOST = "$(BUILT_PRODUCTS_DIR)/NetWork.app/NetWork";
			};
			name = Release;
		};
		0933DF632763309A00AA9261 /* Debug */ = {
			isa = XCBuildConfiguration;
			buildSettings = {
				ALWAYS_EMBED_SWIFT_STANDARD_LIBRARIES = YES;
				CODE_SIGN_STYLE = Automatic;
				CURRENT_PROJECT_VERSION = 1;
				GENERATE_INFOPLIST_FILE = YES;
				LD_RUNPATH_SEARCH_PATHS = (
					"$(inherited)",
					"@executable_path/Frameworks",
					"@loader_path/Frameworks",
				);
				MARKETING_VERSION = 1.0;
				PRODUCT_BUNDLE_IDENTIFIER = com.pp.cpp.NetWorkUITests;
				PRODUCT_NAME = "$(TARGET_NAME)";
				SWIFT_EMIT_LOC_STRINGS = NO;
				SWIFT_VERSION = 5.0;
				TARGETED_DEVICE_FAMILY = "1,2";
				TEST_TARGET_NAME = NetWork;
			};
			name = Debug;
		};
		0933DF642763309A00AA9261 /* Release */ = {
			isa = XCBuildConfiguration;
			buildSettings = {
				ALWAYS_EMBED_SWIFT_STANDARD_LIBRARIES = YES;
				CODE_SIGN_STYLE = Automatic;
				CURRENT_PROJECT_VERSION = 1;
				GENERATE_INFOPLIST_FILE = YES;
				LD_RUNPATH_SEARCH_PATHS = (
					"$(inherited)",
					"@executable_path/Frameworks",
					"@loader_path/Frameworks",
				);
				MARKETING_VERSION = 1.0;
				PRODUCT_BUNDLE_IDENTIFIER = com.pp.cpp.NetWorkUITests;
				PRODUCT_NAME = "$(TARGET_NAME)";
				SWIFT_EMIT_LOC_STRINGS = NO;
				SWIFT_VERSION = 5.0;
				TARGETED_DEVICE_FAMILY = "1,2";
				TEST_TARGET_NAME = NetWork;
			};
			name = Release;
		};
/* End XCBuildConfiguration section */

/* Begin XCConfigurationList section */
		0933DF2D2763309800AA9261 /* Build configuration list for PBXProject "NetWork" */ = {
			isa = XCConfigurationList;
			buildConfigurations = (
				0933DF5A2763309A00AA9261 /* Debug */,
				0933DF5B2763309A00AA9261 /* Release */,
			);
			defaultConfigurationIsVisible = 0;
			defaultConfigurationName = Release;
		};
		0933DF5C2763309A00AA9261 /* Build configuration list for PBXNativeTarget "NetWork" */ = {
			isa = XCConfigurationList;
			buildConfigurations = (
				0933DF5D2763309A00AA9261 /* Debug */,
				0933DF5E2763309A00AA9261 /* Release */,
			);
			defaultConfigurationIsVisible = 0;
			defaultConfigurationName = Release;
		};
		0933DF5F2763309A00AA9261 /* Build configuration list for PBXNativeTarget "NetWorkTests" */ = {
			isa = XCConfigurationList;
			buildConfigurations = (
				0933DF602763309A00AA9261 /* Debug */,
				0933DF612763309A00AA9261 /* Release */,
			);
			defaultConfigurationIsVisible = 0;
			defaultConfigurationName = Release;
		};
		0933DF622763309A00AA9261 /* Build configuration list for PBXNativeTarget "NetWorkUITests" */ = {
			isa = XCConfigurationList;
			buildConfigurations = (
				0933DF632763309A00AA9261 /* Debug */,
				0933DF642763309A00AA9261 /* Release */,
			);
			defaultConfigurationIsVisible = 0;
			defaultConfigurationName = Release;
		};
/* End XCConfigurationList section */

/* Begin XCRemoteSwiftPackageReference section */
		0933DF6727633B9700AA9261 /* XCRemoteSwiftPackageReference "RxSwift" */ = {
			isa = XCRemoteSwiftPackageReference;
			repositoryURL = "https://github.com/ReactiveX/RxSwift.git";
			requirement = {
				kind = upToNextMajorVersion;
				minimumVersion = 6.0.0;
			};
		};
/* End XCRemoteSwiftPackageReference section */

/* Begin XCSwiftPackageProductDependency section */
		0933DF6827633B9700AA9261 /* RxBlocking */ = {
			isa = XCSwiftPackageProductDependency;
			package = 0933DF6727633B9700AA9261 /* XCRemoteSwiftPackageReference "RxSwift" */;
			productName = RxBlocking;
		};
		0933DF6A27633B9700AA9261 /* RxCocoa */ = {
			isa = XCSwiftPackageProductDependency;
			package = 0933DF6727633B9700AA9261 /* XCRemoteSwiftPackageReference "RxSwift" */;
			productName = RxCocoa;
		};
		0933DF6C27633B9700AA9261 /* RxRelay */ = {
			isa = XCSwiftPackageProductDependency;
			package = 0933DF6727633B9700AA9261 /* XCRemoteSwiftPackageReference "RxSwift" */;
			productName = RxRelay;
		};
		0933DF6E27633B9700AA9261 /* RxSwift */ = {
			isa = XCSwiftPackageProductDependency;
			package = 0933DF6727633B9700AA9261 /* XCRemoteSwiftPackageReference "RxSwift" */;
			productName = RxSwift;
		};
/* End XCSwiftPackageProductDependency section */
	};
	rootObject = 0933DF2A2763309800AA9261 /* Project object */;
}
